// !$*UTF8*$!
{
	archiveVersion = 1;
	classes = {
	};
	objectVersion = 54;
	objects = {

/* Begin PBXBuildFile section */

		A53C56362ACC9D830041477C /* NewMatchIIViewModel.swift in Sources */ = {isa = PBXBuildFile; fileRef = A53C56352ACC9D830041477C /* NewMatchIIViewModel.swift */; };
		A53C56382ACCAAEA0041477C /* NewMatchIIIViewModel.swift in Sources */ = {isa = PBXBuildFile; fileRef = A53C56372ACCAAEA0041477C /* NewMatchIIIViewModel.swift */; };
		A53C563A2ACCAF630041477C /* NewMatchTimeViewModel.swift in Sources */ = {isa = PBXBuildFile; fileRef = A53C56392ACCAF630041477C /* NewMatchTimeViewModel.swift */; };
		A53C563C2ACCD47E0041477C /* NewMatchIVViewModel.swift in Sources */ = {isa = PBXBuildFile; fileRef = A53C563B2ACCD47E0041477C /* NewMatchIVViewModel.swift */; };
		A54883E52ACC7B4C00B45BE0 /* NewMatchIViewModel.swift in Sources */ = {isa = PBXBuildFile; fileRef = A54883E42ACC7B4C00B45BE0 /* NewMatchIViewModel.swift */; };
		A5D0BE432ACCCBDD0063A88B /* NotificationsViewmodel.swift in Sources */ = {isa = PBXBuildFile; fileRef = A5D0BE422ACCCBDD0063A88B /* NotificationsViewmodel.swift */; };
		A5D0BE4B2ACCCBF00063A88B /* notificationsViewController.swift in Sources */ = {isa = PBXBuildFile; fileRef = A5D0BE4A2ACCCBF00063A88B /* notificationsViewController.swift */; };
		A954FC512ACC563D009E6708 /* LoginViewModel.swift in Sources */ = {isa = PBXBuildFile; fileRef = A954FC4F2ACC563C009E6708 /* LoginViewModel.swift */; };
		A954FC522ACC563D009E6708 /* LoginViewController.swift in Sources */ = {isa = PBXBuildFile; fileRef = A954FC502ACC563C009E6708 /* LoginViewController.swift */; };
		A954FC552ACC59E1009E6708 /* Header.swift in Sources */ = {isa = PBXBuildFile; fileRef = A954FC542ACC59E1009E6708 /* Header.swift */; };
		A954FC5B2ACC73EF009E6708 /* SignupViewModel.swift in Sources */ = {isa = PBXBuildFile; fileRef = A954FC5A2ACC73EF009E6708 /* SignupViewModel.swift */; };
		A954FC5D2ACC74BD009E6708 /* SignupViewController.swift in Sources */ = {isa = PBXBuildFile; fileRef = A954FC5C2ACC74BD009E6708 /* SignupViewController.swift */; };
		A9A0108B2ACB44FB0070E71F /* SportPal_iOSApp.swift in Sources */ = {isa = PBXBuildFile; fileRef = A9A0108A2ACB44FB0070E71F /* SportPal_iOSApp.swift */; };
		A9A0108D2ACB44FB0070E71F /* ContentView.swift in Sources */ = {isa = PBXBuildFile; fileRef = A9A0108C2ACB44FB0070E71F /* ContentView.swift */; };
		A9A0108F2ACB44FD0070E71F /* Assets.xcassets in Resources */ = {isa = PBXBuildFile; fileRef = A9A0108E2ACB44FD0070E71F /* Assets.xcassets */; };
		A9A010922ACB44FD0070E71F /* Preview Assets.xcassets in Resources */ = {isa = PBXBuildFile; fileRef = A9A010912ACB44FD0070E71F /* Preview Assets.xcassets */; };
		A9A0109C2ACB44FD0070E71F /* SportPal_iOSTests.swift in Sources */ = {isa = PBXBuildFile; fileRef = A9A0109B2ACB44FD0070E71F /* SportPal_iOSTests.swift */; };
		A9A010A62ACB44FD0070E71F /* SportPal_iOSUITests.swift in Sources */ = {isa = PBXBuildFile; fileRef = A9A010A52ACB44FD0070E71F /* SportPal_iOSUITests.swift */; };
		A9A010A82ACB44FD0070E71F /* SportPal_iOSUITestsLaunchTests.swift in Sources */ = {isa = PBXBuildFile; fileRef = A9A010A72ACB44FD0070E71F /* SportPal_iOSUITestsLaunchTests.swift */; };
		A9FBF0EC2ACC85DF00F5729F /* Footer.swift in Sources */ = {isa = PBXBuildFile; fileRef = A9FBF0EB2ACC85DF00F5729F /* Footer.swift */; };
		A9FBF0EF2ACC885800F5729F /* LandingViewModel.swift in Sources */ = {isa = PBXBuildFile; fileRef = A9FBF0EE2ACC885800F5729F /* LandingViewModel.swift */; };
		A9FBF0F12ACC9AA700F5729F /* LandingViewController.swift in Sources */ = {isa = PBXBuildFile; fileRef = A9FBF0F02ACC9AA700F5729F /* LandingViewController.swift */; };
/* End PBXBuildFile section */

/* Begin PBXContainerItemProxy section */
		A9A010982ACB44FD0070E71F /* PBXContainerItemProxy */ = {
			isa = PBXContainerItemProxy;
			containerPortal = A9A0107F2ACB44FB0070E71F /* Project object */;
			proxyType = 1;
			remoteGlobalIDString = A9A010862ACB44FB0070E71F;
			remoteInfo = "SportPal-iOS";
		};
		A9A010A22ACB44FD0070E71F /* PBXContainerItemProxy */ = {
			isa = PBXContainerItemProxy;
			containerPortal = A9A0107F2ACB44FB0070E71F /* Project object */;
			proxyType = 1;
			remoteGlobalIDString = A9A010862ACB44FB0070E71F;
			remoteInfo = "SportPal-iOS";
		};
/* End PBXContainerItemProxy section */

/* Begin PBXFileReference section */
<<<<<<< HEAD
		A53C56352ACC9D830041477C /* NewMatchIIViewModel.swift */ = {isa = PBXFileReference; lastKnownFileType = sourcecode.swift; path = NewMatchIIViewModel.swift; sourceTree = "<group>"; };
		A53C56372ACCAAEA0041477C /* NewMatchIIIViewModel.swift */ = {isa = PBXFileReference; lastKnownFileType = sourcecode.swift; path = NewMatchIIIViewModel.swift; sourceTree = "<group>"; };
		A53C56392ACCAF630041477C /* NewMatchTimeViewModel.swift */ = {isa = PBXFileReference; lastKnownFileType = sourcecode.swift; path = NewMatchTimeViewModel.swift; sourceTree = "<group>"; };
		A53C563B2ACCD47E0041477C /* NewMatchIVViewModel.swift */ = {isa = PBXFileReference; lastKnownFileType = sourcecode.swift; path = NewMatchIVViewModel.swift; sourceTree = "<group>"; };
		A54883E42ACC7B4C00B45BE0 /* NewMatchIViewModel.swift */ = {isa = PBXFileReference; fileEncoding = 4; lastKnownFileType = sourcecode.swift; path = NewMatchIViewModel.swift; sourceTree = "<group>"; };
=======
		A5D0BE422ACCCBDD0063A88B /* NotificationsViewmodel.swift */ = {isa = PBXFileReference; lastKnownFileType = sourcecode.swift; path = NotificationsViewmodel.swift; sourceTree = "<group>"; };
		A5D0BE4A2ACCCBF00063A88B /* notificationsViewController.swift */ = {isa = PBXFileReference; lastKnownFileType = sourcecode.swift; path = notificationsViewController.swift; sourceTree = "<group>"; };
>>>>>>> origin/develop
		A954FC4F2ACC563C009E6708 /* LoginViewModel.swift */ = {isa = PBXFileReference; fileEncoding = 4; lastKnownFileType = sourcecode.swift; path = LoginViewModel.swift; sourceTree = "<group>"; };
		A954FC502ACC563C009E6708 /* LoginViewController.swift */ = {isa = PBXFileReference; fileEncoding = 4; lastKnownFileType = sourcecode.swift; path = LoginViewController.swift; sourceTree = "<group>"; };
		A954FC542ACC59E1009E6708 /* Header.swift */ = {isa = PBXFileReference; lastKnownFileType = sourcecode.swift; path = Header.swift; sourceTree = "<group>"; };
		A954FC5A2ACC73EF009E6708 /* SignupViewModel.swift */ = {isa = PBXFileReference; lastKnownFileType = sourcecode.swift; path = SignupViewModel.swift; sourceTree = "<group>"; };
		A954FC5C2ACC74BD009E6708 /* SignupViewController.swift */ = {isa = PBXFileReference; lastKnownFileType = sourcecode.swift; path = SignupViewController.swift; sourceTree = "<group>"; };
		A9A010872ACB44FB0070E71F /* SportPal-iOS.app */ = {isa = PBXFileReference; explicitFileType = wrapper.application; includeInIndex = 0; path = "SportPal-iOS.app"; sourceTree = BUILT_PRODUCTS_DIR; };
		A9A0108A2ACB44FB0070E71F /* SportPal_iOSApp.swift */ = {isa = PBXFileReference; lastKnownFileType = sourcecode.swift; path = SportPal_iOSApp.swift; sourceTree = "<group>"; };
		A9A0108C2ACB44FB0070E71F /* ContentView.swift */ = {isa = PBXFileReference; lastKnownFileType = sourcecode.swift; path = ContentView.swift; sourceTree = "<group>"; };
		A9A0108E2ACB44FD0070E71F /* Assets.xcassets */ = {isa = PBXFileReference; lastKnownFileType = folder.assetcatalog; path = Assets.xcassets; sourceTree = "<group>"; };
		A9A010912ACB44FD0070E71F /* Preview Assets.xcassets */ = {isa = PBXFileReference; lastKnownFileType = folder.assetcatalog; path = "Preview Assets.xcassets"; sourceTree = "<group>"; };
		A9A010972ACB44FD0070E71F /* SportPal-iOSTests.xctest */ = {isa = PBXFileReference; explicitFileType = wrapper.cfbundle; includeInIndex = 0; path = "SportPal-iOSTests.xctest"; sourceTree = BUILT_PRODUCTS_DIR; };
		A9A0109B2ACB44FD0070E71F /* SportPal_iOSTests.swift */ = {isa = PBXFileReference; lastKnownFileType = sourcecode.swift; path = SportPal_iOSTests.swift; sourceTree = "<group>"; };
		A9A010A12ACB44FD0070E71F /* SportPal-iOSUITests.xctest */ = {isa = PBXFileReference; explicitFileType = wrapper.cfbundle; includeInIndex = 0; path = "SportPal-iOSUITests.xctest"; sourceTree = BUILT_PRODUCTS_DIR; };
		A9A010A52ACB44FD0070E71F /* SportPal_iOSUITests.swift */ = {isa = PBXFileReference; lastKnownFileType = sourcecode.swift; path = SportPal_iOSUITests.swift; sourceTree = "<group>"; };
		A9A010A72ACB44FD0070E71F /* SportPal_iOSUITestsLaunchTests.swift */ = {isa = PBXFileReference; lastKnownFileType = sourcecode.swift; path = SportPal_iOSUITestsLaunchTests.swift; sourceTree = "<group>"; };
		A9FBF0EB2ACC85DF00F5729F /* Footer.swift */ = {isa = PBXFileReference; fileEncoding = 4; lastKnownFileType = sourcecode.swift; path = Footer.swift; sourceTree = "<group>"; };
		A9FBF0EE2ACC885800F5729F /* LandingViewModel.swift */ = {isa = PBXFileReference; lastKnownFileType = sourcecode.swift; path = LandingViewModel.swift; sourceTree = "<group>"; };
		A9FBF0F02ACC9AA700F5729F /* LandingViewController.swift */ = {isa = PBXFileReference; lastKnownFileType = sourcecode.swift; path = LandingViewController.swift; sourceTree = "<group>"; };
/* End PBXFileReference section */

/* Begin PBXFrameworksBuildPhase section */
		A9A010842ACB44FB0070E71F /* Frameworks */ = {
			isa = PBXFrameworksBuildPhase;
			buildActionMask = 2147483647;
			files = (
			);
			runOnlyForDeploymentPostprocessing = 0;
		};
		A9A010942ACB44FD0070E71F /* Frameworks */ = {
			isa = PBXFrameworksBuildPhase;
			buildActionMask = 2147483647;
			files = (
			);
			runOnlyForDeploymentPostprocessing = 0;
		};
		A9A0109E2ACB44FD0070E71F /* Frameworks */ = {
			isa = PBXFrameworksBuildPhase;
			buildActionMask = 2147483647;
			files = (
			);
			runOnlyForDeploymentPostprocessing = 0;
		};
/* End PBXFrameworksBuildPhase section */

/* Begin PBXGroup section */
<<<<<<< HEAD
		A54883E32ACC7B4C00B45BE0 /* Matches */ = {
			isa = PBXGroup;
			children = (
				A54883E42ACC7B4C00B45BE0 /* NewMatchIViewModel.swift */,
				A53C56352ACC9D830041477C /* NewMatchIIViewModel.swift */,
				A53C56372ACCAAEA0041477C /* NewMatchIIIViewModel.swift */,
				A53C56392ACCAF630041477C /* NewMatchTimeViewModel.swift */,
				A53C563B2ACCD47E0041477C /* NewMatchIVViewModel.swift */,
			);
			path = Matches;
=======
		A5D0BE412ACCCBC30063A88B /* Notifications */ = {
			isa = PBXGroup;
			children = (
				A5D0BE422ACCCBDD0063A88B /* NotificationsViewmodel.swift */,
				A5D0BE4A2ACCCBF00063A88B /* notificationsViewController.swift */,
			);
			path = Notifications;
>>>>>>> origin/develop
			sourceTree = "<group>";
		};
		A954FC4D2ACC563C009E6708 /* Modules */ = {
			isa = PBXGroup;
			children = (
<<<<<<< HEAD
				A54883E32ACC7B4C00B45BE0 /* Matches */,
=======
				A5D0BE412ACCCBC30063A88B /* Notifications */,
				A9FBF0ED2ACC883D00F5729F /* Landing */,
>>>>>>> origin/develop
				A954FC592ACC73D4009E6708 /* Signup */,
				A954FC4E2ACC563C009E6708 /* Login */,
			);
			name = Modules;
			path = "SportPal-iOS/Modules";
			sourceTree = "<group>";
		};
		A954FC4E2ACC563C009E6708 /* Login */ = {
			isa = PBXGroup;
			children = (
				A954FC4F2ACC563C009E6708 /* LoginViewModel.swift */,
				A954FC502ACC563C009E6708 /* LoginViewController.swift */,
			);
			path = Login;
			sourceTree = "<group>";
		};
		A954FC532ACC59C2009E6708 /* SharedViews */ = {
			isa = PBXGroup;
			children = (
				A9FBF0EB2ACC85DF00F5729F /* Footer.swift */,
				A954FC542ACC59E1009E6708 /* Header.swift */,
			);
			path = SharedViews;
			sourceTree = "<group>";
		};
		A954FC592ACC73D4009E6708 /* Signup */ = {
			isa = PBXGroup;
			children = (
				A954FC5A2ACC73EF009E6708 /* SignupViewModel.swift */,
				A954FC5C2ACC74BD009E6708 /* SignupViewController.swift */,
			);
			path = Signup;
			sourceTree = "<group>";
		};
		A9A0107E2ACB44FB0070E71F = {
			isa = PBXGroup;
			children = (
				A954FC532ACC59C2009E6708 /* SharedViews */,
				A954FC4D2ACC563C009E6708 /* Modules */,
				A9A010892ACB44FB0070E71F /* SportPal-iOS */,
				A9A0109A2ACB44FD0070E71F /* SportPal-iOSTests */,
				A9A010A42ACB44FD0070E71F /* SportPal-iOSUITests */,
				A9A010882ACB44FB0070E71F /* Products */,
			);
			sourceTree = "<group>";
		};
		A9A010882ACB44FB0070E71F /* Products */ = {
			isa = PBXGroup;
			children = (
				A9A010872ACB44FB0070E71F /* SportPal-iOS.app */,
				A9A010972ACB44FD0070E71F /* SportPal-iOSTests.xctest */,
				A9A010A12ACB44FD0070E71F /* SportPal-iOSUITests.xctest */,
			);
			name = Products;
			sourceTree = "<group>";
		};
		A9A010892ACB44FB0070E71F /* SportPal-iOS */ = {
			isa = PBXGroup;
			children = (
				A9A0108A2ACB44FB0070E71F /* SportPal_iOSApp.swift */,
				A9A0108C2ACB44FB0070E71F /* ContentView.swift */,
				A9A0108E2ACB44FD0070E71F /* Assets.xcassets */,
				A9A010902ACB44FD0070E71F /* Preview Content */,
			);
			path = "SportPal-iOS";
			sourceTree = "<group>";
		};
		A9A010902ACB44FD0070E71F /* Preview Content */ = {
			isa = PBXGroup;
			children = (
				A9A010912ACB44FD0070E71F /* Preview Assets.xcassets */,
			);
			path = "Preview Content";
			sourceTree = "<group>";
		};
		A9A0109A2ACB44FD0070E71F /* SportPal-iOSTests */ = {
			isa = PBXGroup;
			children = (
				A9A0109B2ACB44FD0070E71F /* SportPal_iOSTests.swift */,
			);
			path = "SportPal-iOSTests";
			sourceTree = "<group>";
		};
		A9A010A42ACB44FD0070E71F /* SportPal-iOSUITests */ = {
			isa = PBXGroup;
			children = (
				A9A010A52ACB44FD0070E71F /* SportPal_iOSUITests.swift */,
				A9A010A72ACB44FD0070E71F /* SportPal_iOSUITestsLaunchTests.swift */,
			);
			path = "SportPal-iOSUITests";
			sourceTree = "<group>";
		};
		A9FBF0ED2ACC883D00F5729F /* Landing */ = {
			isa = PBXGroup;
			children = (
				A9FBF0EE2ACC885800F5729F /* LandingViewModel.swift */,
				A9FBF0F02ACC9AA700F5729F /* LandingViewController.swift */,
			);
			path = Landing;
			sourceTree = "<group>";
		};
/* End PBXGroup section */

/* Begin PBXNativeTarget section */
		A9A010862ACB44FB0070E71F /* SportPal-iOS */ = {
			isa = PBXNativeTarget;
			buildConfigurationList = A9A010AB2ACB44FD0070E71F /* Build configuration list for PBXNativeTarget "SportPal-iOS" */;
			buildPhases = (
				A9A010832ACB44FB0070E71F /* Sources */,
				A9A010842ACB44FB0070E71F /* Frameworks */,
				A9A010852ACB44FB0070E71F /* Resources */,
			);
			buildRules = (
			);
			dependencies = (
			);
			name = "SportPal-iOS";
			productName = "SportPal-iOS";
			productReference = A9A010872ACB44FB0070E71F /* SportPal-iOS.app */;
			productType = "com.apple.product-type.application";
		};
		A9A010962ACB44FD0070E71F /* SportPal-iOSTests */ = {
			isa = PBXNativeTarget;
			buildConfigurationList = A9A010AE2ACB44FD0070E71F /* Build configuration list for PBXNativeTarget "SportPal-iOSTests" */;
			buildPhases = (
				A9A010932ACB44FD0070E71F /* Sources */,
				A9A010942ACB44FD0070E71F /* Frameworks */,
				A9A010952ACB44FD0070E71F /* Resources */,
			);
			buildRules = (
			);
			dependencies = (
				A9A010992ACB44FD0070E71F /* PBXTargetDependency */,
			);
			name = "SportPal-iOSTests";
			productName = "SportPal-iOSTests";
			productReference = A9A010972ACB44FD0070E71F /* SportPal-iOSTests.xctest */;
			productType = "com.apple.product-type.bundle.unit-test";
		};
		A9A010A02ACB44FD0070E71F /* SportPal-iOSUITests */ = {
			isa = PBXNativeTarget;
			buildConfigurationList = A9A010B12ACB44FD0070E71F /* Build configuration list for PBXNativeTarget "SportPal-iOSUITests" */;
			buildPhases = (
				A9A0109D2ACB44FD0070E71F /* Sources */,
				A9A0109E2ACB44FD0070E71F /* Frameworks */,
				A9A0109F2ACB44FD0070E71F /* Resources */,
			);
			buildRules = (
			);
			dependencies = (
				A9A010A32ACB44FD0070E71F /* PBXTargetDependency */,
			);
			name = "SportPal-iOSUITests";
			productName = "SportPal-iOSUITests";
			productReference = A9A010A12ACB44FD0070E71F /* SportPal-iOSUITests.xctest */;
			productType = "com.apple.product-type.bundle.ui-testing";
		};
/* End PBXNativeTarget section */

/* Begin PBXProject section */
		A9A0107F2ACB44FB0070E71F /* Project object */ = {
			isa = PBXProject;
			attributes = {
				BuildIndependentTargetsInParallel = 1;
				LastSwiftUpdateCheck = 1420;
				LastUpgradeCheck = 1420;
				TargetAttributes = {
					A9A010862ACB44FB0070E71F = {
						CreatedOnToolsVersion = 14.2;
					};
					A9A010962ACB44FD0070E71F = {
						CreatedOnToolsVersion = 14.2;
						TestTargetID = A9A010862ACB44FB0070E71F;
					};
					A9A010A02ACB44FD0070E71F = {
						CreatedOnToolsVersion = 14.2;
						TestTargetID = A9A010862ACB44FB0070E71F;
					};
				};
			};
			buildConfigurationList = A9A010822ACB44FB0070E71F /* Build configuration list for PBXProject "SportPal-iOS" */;
			compatibilityVersion = "Xcode 12.0";
			developmentRegion = en;
			hasScannedForEncodings = 0;
			knownRegions = (
				en,
				Base,
			);
			mainGroup = A9A0107E2ACB44FB0070E71F;
			productRefGroup = A9A010882ACB44FB0070E71F /* Products */;
			projectDirPath = "";
			projectRoot = "";
			targets = (
				A9A010862ACB44FB0070E71F /* SportPal-iOS */,
				A9A010962ACB44FD0070E71F /* SportPal-iOSTests */,
				A9A010A02ACB44FD0070E71F /* SportPal-iOSUITests */,
			);
		};
/* End PBXProject section */

/* Begin PBXResourcesBuildPhase section */
		A9A010852ACB44FB0070E71F /* Resources */ = {
			isa = PBXResourcesBuildPhase;
			buildActionMask = 2147483647;
			files = (
				A9A010922ACB44FD0070E71F /* Preview Assets.xcassets in Resources */,
				A9A0108F2ACB44FD0070E71F /* Assets.xcassets in Resources */,
			);
			runOnlyForDeploymentPostprocessing = 0;
		};
		A9A010952ACB44FD0070E71F /* Resources */ = {
			isa = PBXResourcesBuildPhase;
			buildActionMask = 2147483647;
			files = (
			);
			runOnlyForDeploymentPostprocessing = 0;
		};
		A9A0109F2ACB44FD0070E71F /* Resources */ = {
			isa = PBXResourcesBuildPhase;
			buildActionMask = 2147483647;
			files = (
			);
			runOnlyForDeploymentPostprocessing = 0;
		};
/* End PBXResourcesBuildPhase section */

/* Begin PBXSourcesBuildPhase section */
		A9A010832ACB44FB0070E71F /* Sources */ = {
			isa = PBXSourcesBuildPhase;
			buildActionMask = 2147483647;
			files = (
				A53C56382ACCAAEA0041477C /* NewMatchIIIViewModel.swift in Sources */,
				A954FC5B2ACC73EF009E6708 /* SignupViewModel.swift in Sources */,
				A954FC5D2ACC74BD009E6708 /* SignupViewController.swift in Sources */,
				A954FC552ACC59E1009E6708 /* Header.swift in Sources */,
				A5D0BE4B2ACCCBF00063A88B /* notificationsViewController.swift in Sources */,
				A954FC522ACC563D009E6708 /* LoginViewController.swift in Sources */,
				A9A0108D2ACB44FB0070E71F /* ContentView.swift in Sources */,
				A54883E52ACC7B4C00B45BE0 /* NewMatchIViewModel.swift in Sources */,
				A53C563C2ACCD47E0041477C /* NewMatchIVViewModel.swift in Sources */,
				A9A0108B2ACB44FB0070E71F /* SportPal_iOSApp.swift in Sources */,
				A53C563A2ACCAF630041477C /* NewMatchTimeViewModel.swift in Sources */,
				A9FBF0EC2ACC85DF00F5729F /* Footer.swift in Sources */,
<<<<<<< HEAD
				A53C56362ACC9D830041477C /* NewMatchIIViewModel.swift in Sources */,
=======
				A9FBF0EF2ACC885800F5729F /* LandingViewModel.swift in Sources */,
				A5D0BE432ACCCBDD0063A88B /* NotificationsViewmodel.swift in Sources */,
				A9FBF0F12ACC9AA700F5729F /* LandingViewController.swift in Sources */,
>>>>>>> origin/develop
				A954FC512ACC563D009E6708 /* LoginViewModel.swift in Sources */,
			);
			runOnlyForDeploymentPostprocessing = 0;
		};
		A9A010932ACB44FD0070E71F /* Sources */ = {
			isa = PBXSourcesBuildPhase;
			buildActionMask = 2147483647;
			files = (
				A9A0109C2ACB44FD0070E71F /* SportPal_iOSTests.swift in Sources */,
			);
			runOnlyForDeploymentPostprocessing = 0;
		};
		A9A0109D2ACB44FD0070E71F /* Sources */ = {
			isa = PBXSourcesBuildPhase;
			buildActionMask = 2147483647;
			files = (
				A9A010A62ACB44FD0070E71F /* SportPal_iOSUITests.swift in Sources */,
				A9A010A82ACB44FD0070E71F /* SportPal_iOSUITestsLaunchTests.swift in Sources */,
			);
			runOnlyForDeploymentPostprocessing = 0;
		};
/* End PBXSourcesBuildPhase section */

/* Begin PBXTargetDependency section */
		A9A010992ACB44FD0070E71F /* PBXTargetDependency */ = {
			isa = PBXTargetDependency;
			target = A9A010862ACB44FB0070E71F /* SportPal-iOS */;
			targetProxy = A9A010982ACB44FD0070E71F /* PBXContainerItemProxy */;
		};
		A9A010A32ACB44FD0070E71F /* PBXTargetDependency */ = {
			isa = PBXTargetDependency;
			target = A9A010862ACB44FB0070E71F /* SportPal-iOS */;
			targetProxy = A9A010A22ACB44FD0070E71F /* PBXContainerItemProxy */;
		};
/* End PBXTargetDependency section */

/* Begin XCBuildConfiguration section */
		A9A010A92ACB44FD0070E71F /* Debug */ = {
			isa = XCBuildConfiguration;
			buildSettings = {
				ALWAYS_SEARCH_USER_PATHS = NO;
				CLANG_ANALYZER_NONNULL = YES;
				CLANG_ANALYZER_NUMBER_OBJECT_CONVERSION = YES_AGGRESSIVE;
				CLANG_CXX_LANGUAGE_STANDARD = "gnu++20";
				CLANG_ENABLE_MODULES = YES;
				CLANG_ENABLE_OBJC_ARC = YES;
				CLANG_ENABLE_OBJC_WEAK = YES;
				CLANG_WARN_BLOCK_CAPTURE_AUTORELEASING = YES;
				CLANG_WARN_BOOL_CONVERSION = YES;
				CLANG_WARN_COMMA = YES;
				CLANG_WARN_CONSTANT_CONVERSION = YES;
				CLANG_WARN_DEPRECATED_OBJC_IMPLEMENTATIONS = YES;
				CLANG_WARN_DIRECT_OBJC_ISA_USAGE = YES_ERROR;
				CLANG_WARN_DOCUMENTATION_COMMENTS = YES;
				CLANG_WARN_EMPTY_BODY = YES;
				CLANG_WARN_ENUM_CONVERSION = YES;
				CLANG_WARN_INFINITE_RECURSION = YES;
				CLANG_WARN_INT_CONVERSION = YES;
				CLANG_WARN_NON_LITERAL_NULL_CONVERSION = YES;
				CLANG_WARN_OBJC_IMPLICIT_RETAIN_SELF = YES;
				CLANG_WARN_OBJC_LITERAL_CONVERSION = YES;
				CLANG_WARN_OBJC_ROOT_CLASS = YES_ERROR;
				CLANG_WARN_QUOTED_INCLUDE_IN_FRAMEWORK_HEADER = YES;
				CLANG_WARN_RANGE_LOOP_ANALYSIS = YES;
				CLANG_WARN_STRICT_PROTOTYPES = YES;
				CLANG_WARN_SUSPICIOUS_MOVE = YES;
				CLANG_WARN_UNGUARDED_AVAILABILITY = YES_AGGRESSIVE;
				CLANG_WARN_UNREACHABLE_CODE = YES;
				CLANG_WARN__DUPLICATE_METHOD_MATCH = YES;
				COPY_PHASE_STRIP = NO;
				DEBUG_INFORMATION_FORMAT = dwarf;
				ENABLE_STRICT_OBJC_MSGSEND = YES;
				ENABLE_TESTABILITY = YES;
				GCC_C_LANGUAGE_STANDARD = gnu11;
				GCC_DYNAMIC_NO_PIC = NO;
				GCC_NO_COMMON_BLOCKS = YES;
				GCC_OPTIMIZATION_LEVEL = 0;
				GCC_PREPROCESSOR_DEFINITIONS = (
					"DEBUG=1",
					"$(inherited)",
				);
				GCC_WARN_64_TO_32_BIT_CONVERSION = YES;
				GCC_WARN_ABOUT_RETURN_TYPE = YES_ERROR;
				GCC_WARN_UNDECLARED_SELECTOR = YES;
				GCC_WARN_UNINITIALIZED_AUTOS = YES_AGGRESSIVE;
				GCC_WARN_UNUSED_FUNCTION = YES;
				GCC_WARN_UNUSED_VARIABLE = YES;
				IPHONEOS_DEPLOYMENT_TARGET = 16.2;
				MTL_ENABLE_DEBUG_INFO = INCLUDE_SOURCE;
				MTL_FAST_MATH = YES;
				ONLY_ACTIVE_ARCH = YES;
				SDKROOT = iphoneos;
				SWIFT_ACTIVE_COMPILATION_CONDITIONS = DEBUG;
				SWIFT_OPTIMIZATION_LEVEL = "-Onone";
			};
			name = Debug;
		};
		A9A010AA2ACB44FD0070E71F /* Release */ = {
			isa = XCBuildConfiguration;
			buildSettings = {
				ALWAYS_SEARCH_USER_PATHS = NO;
				CLANG_ANALYZER_NONNULL = YES;
				CLANG_ANALYZER_NUMBER_OBJECT_CONVERSION = YES_AGGRESSIVE;
				CLANG_CXX_LANGUAGE_STANDARD = "gnu++20";
				CLANG_ENABLE_MODULES = YES;
				CLANG_ENABLE_OBJC_ARC = YES;
				CLANG_ENABLE_OBJC_WEAK = YES;
				CLANG_WARN_BLOCK_CAPTURE_AUTORELEASING = YES;
				CLANG_WARN_BOOL_CONVERSION = YES;
				CLANG_WARN_COMMA = YES;
				CLANG_WARN_CONSTANT_CONVERSION = YES;
				CLANG_WARN_DEPRECATED_OBJC_IMPLEMENTATIONS = YES;
				CLANG_WARN_DIRECT_OBJC_ISA_USAGE = YES_ERROR;
				CLANG_WARN_DOCUMENTATION_COMMENTS = YES;
				CLANG_WARN_EMPTY_BODY = YES;
				CLANG_WARN_ENUM_CONVERSION = YES;
				CLANG_WARN_INFINITE_RECURSION = YES;
				CLANG_WARN_INT_CONVERSION = YES;
				CLANG_WARN_NON_LITERAL_NULL_CONVERSION = YES;
				CLANG_WARN_OBJC_IMPLICIT_RETAIN_SELF = YES;
				CLANG_WARN_OBJC_LITERAL_CONVERSION = YES;
				CLANG_WARN_OBJC_ROOT_CLASS = YES_ERROR;
				CLANG_WARN_QUOTED_INCLUDE_IN_FRAMEWORK_HEADER = YES;
				CLANG_WARN_RANGE_LOOP_ANALYSIS = YES;
				CLANG_WARN_STRICT_PROTOTYPES = YES;
				CLANG_WARN_SUSPICIOUS_MOVE = YES;
				CLANG_WARN_UNGUARDED_AVAILABILITY = YES_AGGRESSIVE;
				CLANG_WARN_UNREACHABLE_CODE = YES;
				CLANG_WARN__DUPLICATE_METHOD_MATCH = YES;
				COPY_PHASE_STRIP = NO;
				DEBUG_INFORMATION_FORMAT = "dwarf-with-dsym";
				ENABLE_NS_ASSERTIONS = NO;
				ENABLE_STRICT_OBJC_MSGSEND = YES;
				GCC_C_LANGUAGE_STANDARD = gnu11;
				GCC_NO_COMMON_BLOCKS = YES;
				GCC_WARN_64_TO_32_BIT_CONVERSION = YES;
				GCC_WARN_ABOUT_RETURN_TYPE = YES_ERROR;
				GCC_WARN_UNDECLARED_SELECTOR = YES;
				GCC_WARN_UNINITIALIZED_AUTOS = YES_AGGRESSIVE;
				GCC_WARN_UNUSED_FUNCTION = YES;
				GCC_WARN_UNUSED_VARIABLE = YES;
				IPHONEOS_DEPLOYMENT_TARGET = 16.2;
				MTL_ENABLE_DEBUG_INFO = NO;
				MTL_FAST_MATH = YES;
				SDKROOT = iphoneos;
				SWIFT_COMPILATION_MODE = wholemodule;
				SWIFT_OPTIMIZATION_LEVEL = "-O";
				VALIDATE_PRODUCT = YES;
			};
			name = Release;
		};
		A9A010AC2ACB44FD0070E71F /* Debug */ = {
			isa = XCBuildConfiguration;
			buildSettings = {
				ASSETCATALOG_COMPILER_APPICON_NAME = AppIcon;
				ASSETCATALOG_COMPILER_GLOBAL_ACCENT_COLOR_NAME = AccentColor;
				CODE_SIGN_STYLE = Automatic;
				CURRENT_PROJECT_VERSION = 1;
				DEVELOPMENT_ASSET_PATHS = "\"SportPal-iOS/Preview Content\"";
				ENABLE_PREVIEWS = YES;
				GENERATE_INFOPLIST_FILE = YES;
				INFOPLIST_KEY_UIApplicationSceneManifest_Generation = YES;
				INFOPLIST_KEY_UIApplicationSupportsIndirectInputEvents = YES;
				INFOPLIST_KEY_UILaunchScreen_Generation = YES;
				INFOPLIST_KEY_UISupportedInterfaceOrientations_iPad = "UIInterfaceOrientationPortrait UIInterfaceOrientationPortraitUpsideDown UIInterfaceOrientationLandscapeLeft UIInterfaceOrientationLandscapeRight";
				INFOPLIST_KEY_UISupportedInterfaceOrientations_iPhone = "UIInterfaceOrientationPortrait UIInterfaceOrientationLandscapeLeft UIInterfaceOrientationLandscapeRight";
				IPHONEOS_DEPLOYMENT_TARGET = 14.4;
				LD_RUNPATH_SEARCH_PATHS = (
					"$(inherited)",
					"@executable_path/Frameworks",
				);
				MARKETING_VERSION = 1.0;
				PRODUCT_BUNDLE_IDENTIFIER = "com.team21.SportPal-iOS";
				PRODUCT_NAME = "$(TARGET_NAME)";
				SWIFT_EMIT_LOC_STRINGS = YES;
				SWIFT_VERSION = 5.0;
				TARGETED_DEVICE_FAMILY = "1,2";
			};
			name = Debug;
		};
		A9A010AD2ACB44FD0070E71F /* Release */ = {
			isa = XCBuildConfiguration;
			buildSettings = {
				ASSETCATALOG_COMPILER_APPICON_NAME = AppIcon;
				ASSETCATALOG_COMPILER_GLOBAL_ACCENT_COLOR_NAME = AccentColor;
				CODE_SIGN_STYLE = Automatic;
				CURRENT_PROJECT_VERSION = 1;
				DEVELOPMENT_ASSET_PATHS = "\"SportPal-iOS/Preview Content\"";
				ENABLE_PREVIEWS = YES;
				GENERATE_INFOPLIST_FILE = YES;
				INFOPLIST_KEY_UIApplicationSceneManifest_Generation = YES;
				INFOPLIST_KEY_UIApplicationSupportsIndirectInputEvents = YES;
				INFOPLIST_KEY_UILaunchScreen_Generation = YES;
				INFOPLIST_KEY_UISupportedInterfaceOrientations_iPad = "UIInterfaceOrientationPortrait UIInterfaceOrientationPortraitUpsideDown UIInterfaceOrientationLandscapeLeft UIInterfaceOrientationLandscapeRight";
				INFOPLIST_KEY_UISupportedInterfaceOrientations_iPhone = "UIInterfaceOrientationPortrait UIInterfaceOrientationLandscapeLeft UIInterfaceOrientationLandscapeRight";
				IPHONEOS_DEPLOYMENT_TARGET = 14.4;
				LD_RUNPATH_SEARCH_PATHS = (
					"$(inherited)",
					"@executable_path/Frameworks",
				);
				MARKETING_VERSION = 1.0;
				PRODUCT_BUNDLE_IDENTIFIER = "com.team21.SportPal-iOS";
				PRODUCT_NAME = "$(TARGET_NAME)";
				SWIFT_EMIT_LOC_STRINGS = YES;
				SWIFT_VERSION = 5.0;
				TARGETED_DEVICE_FAMILY = "1,2";
			};
			name = Release;
		};
		A9A010AF2ACB44FD0070E71F /* Debug */ = {
			isa = XCBuildConfiguration;
			buildSettings = {
				ALWAYS_EMBED_SWIFT_STANDARD_LIBRARIES = YES;
				BUNDLE_LOADER = "$(TEST_HOST)";
				CODE_SIGN_STYLE = Automatic;
				CURRENT_PROJECT_VERSION = 1;
				GENERATE_INFOPLIST_FILE = YES;
				IPHONEOS_DEPLOYMENT_TARGET = 16.2;
				MARKETING_VERSION = 1.0;
				PRODUCT_BUNDLE_IDENTIFIER = "com.team21.SportPal-iOSTests";
				PRODUCT_NAME = "$(TARGET_NAME)";
				SWIFT_EMIT_LOC_STRINGS = NO;
				SWIFT_VERSION = 5.0;
				TARGETED_DEVICE_FAMILY = "1,2";
				TEST_HOST = "$(BUILT_PRODUCTS_DIR)/SportPal-iOS.app/$(BUNDLE_EXECUTABLE_FOLDER_PATH)/SportPal-iOS";
			};
			name = Debug;
		};
		A9A010B02ACB44FD0070E71F /* Release */ = {
			isa = XCBuildConfiguration;
			buildSettings = {
				ALWAYS_EMBED_SWIFT_STANDARD_LIBRARIES = YES;
				BUNDLE_LOADER = "$(TEST_HOST)";
				CODE_SIGN_STYLE = Automatic;
				CURRENT_PROJECT_VERSION = 1;
				GENERATE_INFOPLIST_FILE = YES;
				IPHONEOS_DEPLOYMENT_TARGET = 16.2;
				MARKETING_VERSION = 1.0;
				PRODUCT_BUNDLE_IDENTIFIER = "com.team21.SportPal-iOSTests";
				PRODUCT_NAME = "$(TARGET_NAME)";
				SWIFT_EMIT_LOC_STRINGS = NO;
				SWIFT_VERSION = 5.0;
				TARGETED_DEVICE_FAMILY = "1,2";
				TEST_HOST = "$(BUILT_PRODUCTS_DIR)/SportPal-iOS.app/$(BUNDLE_EXECUTABLE_FOLDER_PATH)/SportPal-iOS";
			};
			name = Release;
		};
		A9A010B22ACB44FD0070E71F /* Debug */ = {
			isa = XCBuildConfiguration;
			buildSettings = {
				ALWAYS_EMBED_SWIFT_STANDARD_LIBRARIES = YES;
				CODE_SIGN_STYLE = Automatic;
				CURRENT_PROJECT_VERSION = 1;
				GENERATE_INFOPLIST_FILE = YES;
				MARKETING_VERSION = 1.0;
				PRODUCT_BUNDLE_IDENTIFIER = "com.team21.SportPal-iOSUITests";
				PRODUCT_NAME = "$(TARGET_NAME)";
				SWIFT_EMIT_LOC_STRINGS = NO;
				SWIFT_VERSION = 5.0;
				TARGETED_DEVICE_FAMILY = "1,2";
				TEST_TARGET_NAME = "SportPal-iOS";
			};
			name = Debug;
		};
		A9A010B32ACB44FD0070E71F /* Release */ = {
			isa = XCBuildConfiguration;
			buildSettings = {
				ALWAYS_EMBED_SWIFT_STANDARD_LIBRARIES = YES;
				CODE_SIGN_STYLE = Automatic;
				CURRENT_PROJECT_VERSION = 1;
				GENERATE_INFOPLIST_FILE = YES;
				MARKETING_VERSION = 1.0;
				PRODUCT_BUNDLE_IDENTIFIER = "com.team21.SportPal-iOSUITests";
				PRODUCT_NAME = "$(TARGET_NAME)";
				SWIFT_EMIT_LOC_STRINGS = NO;
				SWIFT_VERSION = 5.0;
				TARGETED_DEVICE_FAMILY = "1,2";
				TEST_TARGET_NAME = "SportPal-iOS";
			};
			name = Release;
		};
/* End XCBuildConfiguration section */

/* Begin XCConfigurationList section */
		A9A010822ACB44FB0070E71F /* Build configuration list for PBXProject "SportPal-iOS" */ = {
			isa = XCConfigurationList;
			buildConfigurations = (
				A9A010A92ACB44FD0070E71F /* Debug */,
				A9A010AA2ACB44FD0070E71F /* Release */,
			);
			defaultConfigurationIsVisible = 0;
			defaultConfigurationName = Release;
		};
		A9A010AB2ACB44FD0070E71F /* Build configuration list for PBXNativeTarget "SportPal-iOS" */ = {
			isa = XCConfigurationList;
			buildConfigurations = (
				A9A010AC2ACB44FD0070E71F /* Debug */,
				A9A010AD2ACB44FD0070E71F /* Release */,
			);
			defaultConfigurationIsVisible = 0;
			defaultConfigurationName = Release;
		};
		A9A010AE2ACB44FD0070E71F /* Build configuration list for PBXNativeTarget "SportPal-iOSTests" */ = {
			isa = XCConfigurationList;
			buildConfigurations = (
				A9A010AF2ACB44FD0070E71F /* Debug */,
				A9A010B02ACB44FD0070E71F /* Release */,
			);
			defaultConfigurationIsVisible = 0;
			defaultConfigurationName = Release;
		};
		A9A010B12ACB44FD0070E71F /* Build configuration list for PBXNativeTarget "SportPal-iOSUITests" */ = {
			isa = XCConfigurationList;
			buildConfigurations = (
				A9A010B22ACB44FD0070E71F /* Debug */,
				A9A010B32ACB44FD0070E71F /* Release */,
			);
			defaultConfigurationIsVisible = 0;
			defaultConfigurationName = Release;
		};
/* End XCConfigurationList section */
	};
	rootObject = A9A0107F2ACB44FB0070E71F /* Project object */;
}
